
Microsoft Visual Studio Solution File, Format Version 12.00
# Visual Studio Version 17
VisualStudioVersion = 17.8.34330.188
MinimumVisualStudioVersion = 10.0.40219.1
Project("{9A19103F-16F7-4668-BE54-9A1E7A4F7556}") = "PRN221", "PRN221\PRN221.csproj", "{C36C6CB6-FAD8-4201-8E1D-171DBF51780E}"
EndProject
Project("{9A19103F-16F7-4668-BE54-9A1E7A4F7556}") = "Service", "Service\Service.csproj", "{DAF69EEF-7848-4B35-A125-63D0C90346A7}"
EndProject
Project("{FAE04EC0-301F-11D3-BF4B-00C04F79EFBC}") = "Repository", "Repository\Repository.csproj", "{2AAD15D6-6D2C-4D71-9D33-F04FF070B676}"
EndProject
Global
	GlobalSection(SolutionConfigurationPlatforms) = preSolution
		Debug|Any CPU = Debug|Any CPU
		Release|Any CPU = Release|Any CPU
	EndGlobalSection
	GlobalSection(ProjectConfigurationPlatforms) = postSolution
		{C36C6CB6-FAD8-4201-8E1D-171DBF51780E}.Debug|Any CPU.ActiveCfg = Debug|Any CPU
		{C36C6CB6-FAD8-4201-8E1D-171DBF51780E}.Debug|Any CPU.Build.0 = Debug|Any CPU
		{C36C6CB6-FAD8-4201-8E1D-171DBF51780E}.Release|Any CPU.ActiveCfg = Release|Any CPU
		{C36C6CB6-FAD8-4201-8E1D-171DBF51780E}.Release|Any CPU.Build.0 = Release|Any CPU
		{DAF69EEF-7848-4B35-A125-63D0C90346A7}.Debug|Any CPU.ActiveCfg = Debug|Any CPU
		{DAF69EEF-7848-4B35-A125-63D0C90346A7}.Debug|Any CPU.Build.0 = Debug|Any CPU
		{DAF69EEF-7848-4B35-A125-63D0C90346A7}.Release|Any CPU.ActiveCfg = Release|Any CPU
		{DAF69EEF-7848-4B35-A125-63D0C90346A7}.Release|Any CPU.Build.0 = Release|Any CPU
		{2AAD15D6-6D2C-4D71-9D33-F04FF070B676}.Debug|Any CPU.ActiveCfg = Debug|Any CPU
		{2AAD15D6-6D2C-4D71-9D33-F04FF070B676}.Debug|Any CPU.Build.0 = Debug|Any CPU
		{2AAD15D6-6D2C-4D71-9D33-F04FF070B676}.Release|Any CPU.ActiveCfg = Release|Any CPU
		{2AAD15D6-6D2C-4D71-9D33-F04FF070B676}.Release|Any CPU.Build.0 = Release|Any CPU
	EndGlobalSection
	GlobalSection(SolutionProperties) = preSolution
		HideSolutionNode = FALSE
	EndGlobalSection
	GlobalSection(ExtensibilityGlobals) = postSolution
		SolutionGuid = {F77C073E-1CC9-4C0F-87BB-A2484D3F4054}
	EndGlobalSection
EndGlobal
